
Microsoft Visual Studio Solution File, Format Version 12.00
# Visual Studio Version 16
VisualStudioVersion = 16.0.29926.136
MinimumVisualStudioVersion = 10.0.40219.1
Project("{8BC9CEB8-8B4A-11D0-8D11-00A0C91BC942}") = "NodeProject", "NodeProject\NodeProject.vcxproj", "{503B24C0-9FB0-4C34-82D2-A11C1EBC601D}"
EndProject
Global
	GlobalSection(SolutionConfigurationPlatforms) = preSolution
		Debug|x64 = Debug|x64
		Debug|x86 = Debug|x86
		Release|x64 = Release|x64
		Release|x86 = Release|x86
	EndGlobalSection
	GlobalSection(ProjectConfigurationPlatforms) = postSolution
		{503B24C0-9FB0-4C34-82D2-A11C1EBC601D}.Debug|x64.ActiveCfg = Debug|x64
		{503B24C0-9FB0-4C34-82D2-A11C1EBC601D}.Debug|x64.Build.0 = Debug|x64
		{503B24C0-9FB0-4C34-82D2-A11C1EBC601D}.Debug|x86.ActiveCfg = Debug|Win32
		{503B24C0-9FB0-4C34-82D2-A11C1EBC601D}.Debug|x86.Build.0 = Debug|Win32
		{503B24C0-9FB0-4C34-82D2-A11C1EBC601D}.Release|x64.ActiveCfg = Release|x64
		{503B24C0-9FB0-4C34-82D2-A11C1EBC601D}.Release|x64.Build.0 = Release|x64
		{503B24C0-9FB0-4C34-82D2-A11C1EBC601D}.Release|x86.ActiveCfg = Release|Win32
		{503B24C0-9FB0-4C34-82D2-A11C1EBC601D}.Release|x86.Build.0 = Release|Win32
	EndGlobalSection
	GlobalSection(SolutionProperties) = preSolution
		HideSolutionNode = FALSE
	EndGlobalSection
	GlobalSection(ExtensibilityGlobals) = postSolution
		SolutionGuid = {4814C07A-5FEA-483F-B5D4-E99E7AA8BBEE}
	EndGlobalSection
EndGlobal
